{
  "name": "random-kiss",
  "version": "1.0.3",
  "lockfileVersion": 2,
  "requires": true,
  "packages": {
    "": {
      "name": "random-kiss",
      "version": "1.0.3",
      "license": "MIT",
      "dependencies": {
        "node-fecth": "^0.0.1-security",
        "node-fetch": "^2.6.1"
      }
    },
    "node_modules/node-fecth": {
      "version": "0.0.1-security",
      "resolved": "https://registry.npmjs.org/node-fecth/-/node-fecth-0.0.1-security.tgz",
      "integrity": "sha512-7YRxL4a1aV2Up7f7pxaQU70wNXpA2X5IRyiMRB0OreG2jhLH3C4olv6t5sEExEX4kOeq4181wwFegDmNAlfQPg=="
    },
    "node_modules/node-fetch": {
      "version": "2.6.1",
      "resolved": "https://registry.npmjs.org/node-fetch/-/node-fetch-2.6.1.tgz",
      "integrity": "sha512-V4aYg89jEoVRxRb2fJdAg8FHvI7cEyYdVAh94HH0UIK8oJxUfkjlDQN9RbMx+bEjP7+ggMiFRprSti032Oipxw==",
      "engines": {
        "node": "4.x || >=6.0.0"
      }
    }
  },
  "dependencies": {
    "node-fecth": {
      "version": "0.0.1-security",
      "resolved": "https://registry.npmjs.org/node-fecth/-/node-fecth-0.0.1-security.tgz",
      "integrity": "sha512-7YRxL4a1aV2Up7f7pxaQU70wNXpA2X5IRyiMRB0OreG2jhLH3C4olv6t5sEExEX4kOeq4181wwFegDmNAlfQPg=="
    },
    "node-fetch": {
      "version": "2.6.1",
      "resolved": "https://registry.npmjs.org/node-fetch/-/node-fetch-2.6.1.tgz",
      "integrity": "sha512-V4aYg89jEoVRxRb2fJdAg8FHvI7cEyYdVAh94HH0UIK8oJxUfkjlDQN9RbMx+bEjP7+ggMiFRprSti032Oipxw=="
    }
  }
}
